
Microsoft Visual Studio Solution File, Format Version 12.00
# Visual Studio 2012
Project("{8BC9CEB8-8B4A-11D0-8D11-00A0C91BC942}") = "CITS_Project_Portable", "CITS_Project_Portable\CITS_Project_Portable.vcxproj", "{21BC797A-1EBF-4DF3-90B7-94A42FC1BEBC}"
EndProject
Global
	GlobalSection(SolutionConfigurationPlatforms) = preSolution
		Debug|Win32 = Debug|Win32
		Release|Win32 = Release|Win32
	EndGlobalSection
	GlobalSection(ProjectConfigurationPlatforms) = postSolution
		{21BC797A-1EBF-4DF3-90B7-94A42FC1BEBC}.Debug|Win32.ActiveCfg = Debug|Win32
		{21BC797A-1EBF-4DF3-90B7-94A42FC1BEBC}.Debug|Win32.Build.0 = Debug|Win32
		{21BC797A-1EBF-4DF3-90B7-94A42FC1BEBC}.Release|Win32.ActiveCfg = Release|Win32
		{21BC797A-1EBF-4DF3-90B7-94A42FC1BEBC}.Release|Win32.Build.0 = Release|Win32
	EndGlobalSection
	GlobalSection(SolutionProperties) = preSolution
		HideSolutionNode = FALSE
	EndGlobalSection
EndGlobal
